Microsoft Visual Studio Solution File, Format Version 11.00
# Visual Studio 2008

Project("{6DA7DF27-9223-E46E-56A4-4C23085B5CAB}") = "Roll-a-ball-multiplayer", "Assembly-CSharp-firstpass.csproj", "{B42C1557-4DD3-7EC1-6052-699A010DA22F}"
EndProject
Project("{6DA7DF27-9223-E46E-56A4-4C23085B5CAB}") = "Roll-a-ball-multiplayer", "Assembly-CSharp.csproj", "{0F925B5A-9C2F-9A67-3C9B-A91AB1DF654D}"
EndProject
Project("{6DA7DF27-9223-E46E-56A4-4C23085B5CAB}") = "Roll-a-ball-multiplayer", "Assembly-CSharp-Editor-firstpass.csproj", "{111D8293-3F99-2BE4-84AB-2DAD64F40996}"
EndProject
Project("{6DA7DF27-9223-E46E-56A4-4C23085B5CAB}") = "Roll-a-ball-multiplayer", "Assembly-CSharp-Editor.csproj", "{5A997A63-98B0-3F5F-0EF7-9B9252D7FB30}"
EndProject
Global
	GlobalSection(SolutionConfigurationPlatforms) = preSolution
		Debug|Any CPU = Debug|Any CPU
		Release|Any CPU = Release|Any CPU
	EndGlobalSection
	GlobalSection(ProjectConfigurationPlatforms) = postSolution
		{B42C1557-4DD3-7EC1-6052-699A010DA22F}.Debug|Any CPU.ActiveCfg = Debug|Any CPU
		{B42C1557-4DD3-7EC1-6052-699A010DA22F}.Debug|Any CPU.Build.0 = Debug|Any CPU
		{B42C1557-4DD3-7EC1-6052-699A010DA22F}.Release|Any CPU.ActiveCfg = Release|Any CPU
		{B42C1557-4DD3-7EC1-6052-699A010DA22F}.Release|Any CPU.Build.0 = Release|Any CPU
		{0F925B5A-9C2F-9A67-3C9B-A91AB1DF654D}.Debug|Any CPU.ActiveCfg = Debug|Any CPU
		{0F925B5A-9C2F-9A67-3C9B-A91AB1DF654D}.Debug|Any CPU.Build.0 = Debug|Any CPU
		{0F925B5A-9C2F-9A67-3C9B-A91AB1DF654D}.Release|Any CPU.ActiveCfg = Release|Any CPU
		{0F925B5A-9C2F-9A67-3C9B-A91AB1DF654D}.Release|Any CPU.Build.0 = Release|Any CPU
		{111D8293-3F99-2BE4-84AB-2DAD64F40996}.Debug|Any CPU.ActiveCfg = Debug|Any CPU
		{111D8293-3F99-2BE4-84AB-2DAD64F40996}.Debug|Any CPU.Build.0 = Debug|Any CPU
		{111D8293-3F99-2BE4-84AB-2DAD64F40996}.Release|Any CPU.ActiveCfg = Release|Any CPU
		{111D8293-3F99-2BE4-84AB-2DAD64F40996}.Release|Any CPU.Build.0 = Release|Any CPU
		{5A997A63-98B0-3F5F-0EF7-9B9252D7FB30}.Debug|Any CPU.ActiveCfg = Debug|Any CPU
		{5A997A63-98B0-3F5F-0EF7-9B9252D7FB30}.Debug|Any CPU.Build.0 = Debug|Any CPU
		{5A997A63-98B0-3F5F-0EF7-9B9252D7FB30}.Release|Any CPU.ActiveCfg = Release|Any CPU
		{5A997A63-98B0-3F5F-0EF7-9B9252D7FB30}.Release|Any CPU.Build.0 = Release|Any CPU
	EndGlobalSection
	GlobalSection(SolutionProperties) = preSolution
		HideSolutionNode = FALSE
	EndGlobalSection
																										GlobalSection(MonoDevelopProperties) = preSolution
		StartupItem = Assembly-CSharp.csproj
		Policies = $0
		$0.TextStylePolicy = $1
		$1.inheritsSet = null
		$1.scope = text/x-csharp
		$0.CSharpFormattingPolicy = $2
		$2.inheritsSet = Mono
		$2.inheritsScope = text/x-csharp
		$2.scope = text/x-csharp
		$0.TextStylePolicy = $3
		$3.FileWidth = 120
		$3.TabWidth = 4
		$3.IndentWidth = 4
		$3.EolMarker = Unix
		$3.inheritsSet = Mono
		$3.inheritsScope = text/plain
		$3.scope = text/plain
	EndGlobalSection

EndGlobal
